
Microsoft Visual Studio Solution File, Format Version 12.00
# Visual Studio Version 16
VisualStudioVersion = 16.0.29806.167
MinimumVisualStudioVersion = 10.0.40219.1
Project("{FAE04EC0-301F-11D3-BF4B-00C04F79EFBC}") = "KTApp", "KTApp\KTApp.csproj", "{4C0D6996-71E9-41EF-B47E-70E3721C3A6B}"
EndProject
Project("{FAE04EC0-301F-11D3-BF4B-00C04F79EFBC}") = "KTWeb", "KTWeb\KTWeb.csproj", "{0E74B35E-12B2-442A-A9F7-4CF148A81335}"
EndProject
Project("{FAE04EC0-301F-11D3-BF4B-00C04F79EFBC}") = "KTProject.Service", "KTProject.Service\KTProject.Service.csproj", "{158A2668-271E-4AE6-AD8E-D522758EAC44}"
EndProject
Project("{FAE04EC0-301F-11D3-BF4B-00C04F79EFBC}") = "KTProject.IService", "KTProject.IService\KTProject.IService.csproj", "{8775FEF1-B424-4DBA-A24A-7B8A18E2601D}"
EndProject
Project("{FAE04EC0-301F-11D3-BF4B-00C04F79EFBC}") = "KTProject.Common", "KTProject.Common\KTProject.Common.csproj", "{9A625FB3-9A09-45A4-955F-400B021A5366}"
EndProject
Project("{FAE04EC0-301F-11D3-BF4B-00C04F79EFBC}") = "KTProject.Model", "..\KTProject.Model\KTProject.Model.csproj", "{4DD2DA6A-FE79-4CDF-827D-74D1BE650777}"
EndProject
Project("{FAE04EC0-301F-11D3-BF4B-00C04F79EFBC}") = "KTProject.IRepository", "..\KTProject.IRepository\KTProject.IRepository.csproj", "{4D3B2DF8-B634-49D7-A208-10982E531014}"
EndProject
Project("{FAE04EC0-301F-11D3-BF4B-00C04F79EFBC}") = "KTProject.Repository", "..\KTProject.Repository\KTProject.Repository.csproj", "{DD517DB8-3C0A-4FC0-BA9E-A8C420D80E4D}"
EndProject
Project("{2150E333-8FDC-42A3-9474-1A3956D46DE8}") = "dll", "dll", "{877B3439-A2C9-4166-94BF-C2AF14B91099}"
	ProjectSection(SolutionItems) = preProject
		DLL\KNet.Core.dll = DLL\KNet.Core.dll
		DLL\KNet.Data.dll = DLL\KNet.Data.dll
		DLL\KNet.Foundation.Cache.dll = DLL\KNet.Foundation.Cache.dll
	EndProjectSection
EndProject
Global
	GlobalSection(SolutionConfigurationPlatforms) = preSolution
		Debug|Any CPU = Debug|Any CPU
		Release|Any CPU = Release|Any CPU
	EndGlobalSection
	GlobalSection(ProjectConfigurationPlatforms) = postSolution
		{4C0D6996-71E9-41EF-B47E-70E3721C3A6B}.Debug|Any CPU.ActiveCfg = Debug|Any CPU
		{4C0D6996-71E9-41EF-B47E-70E3721C3A6B}.Debug|Any CPU.Build.0 = Debug|Any CPU
		{4C0D6996-71E9-41EF-B47E-70E3721C3A6B}.Release|Any CPU.ActiveCfg = Release|Any CPU
		{4C0D6996-71E9-41EF-B47E-70E3721C3A6B}.Release|Any CPU.Build.0 = Release|Any CPU
		{0E74B35E-12B2-442A-A9F7-4CF148A81335}.Debug|Any CPU.ActiveCfg = Debug|Any CPU
		{0E74B35E-12B2-442A-A9F7-4CF148A81335}.Debug|Any CPU.Build.0 = Debug|Any CPU
		{0E74B35E-12B2-442A-A9F7-4CF148A81335}.Release|Any CPU.ActiveCfg = Release|Any CPU
		{0E74B35E-12B2-442A-A9F7-4CF148A81335}.Release|Any CPU.Build.0 = Release|Any CPU
		{158A2668-271E-4AE6-AD8E-D522758EAC44}.Debug|Any CPU.ActiveCfg = Debug|Any CPU
		{158A2668-271E-4AE6-AD8E-D522758EAC44}.Debug|Any CPU.Build.0 = Debug|Any CPU
		{158A2668-271E-4AE6-AD8E-D522758EAC44}.Release|Any CPU.ActiveCfg = Release|Any CPU
		{158A2668-271E-4AE6-AD8E-D522758EAC44}.Release|Any CPU.Build.0 = Release|Any CPU
		{8775FEF1-B424-4DBA-A24A-7B8A18E2601D}.Debug|Any CPU.ActiveCfg = Debug|Any CPU
		{8775FEF1-B424-4DBA-A24A-7B8A18E2601D}.Debug|Any CPU.Build.0 = Debug|Any CPU
		{8775FEF1-B424-4DBA-A24A-7B8A18E2601D}.Release|Any CPU.ActiveCfg = Release|Any CPU
		{8775FEF1-B424-4DBA-A24A-7B8A18E2601D}.Release|Any CPU.Build.0 = Release|Any CPU
		{9A625FB3-9A09-45A4-955F-400B021A5366}.Debug|Any CPU.ActiveCfg = Debug|Any CPU
		{9A625FB3-9A09-45A4-955F-400B021A5366}.Debug|Any CPU.Build.0 = Debug|Any CPU
		{9A625FB3-9A09-45A4-955F-400B021A5366}.Release|Any CPU.ActiveCfg = Release|Any CPU
		{9A625FB3-9A09-45A4-955F-400B021A5366}.Release|Any CPU.Build.0 = Release|Any CPU
		{4DD2DA6A-FE79-4CDF-827D-74D1BE650777}.Debug|Any CPU.ActiveCfg = Debug|Any CPU
		{4DD2DA6A-FE79-4CDF-827D-74D1BE650777}.Debug|Any CPU.Build.0 = Debug|Any CPU
		{4DD2DA6A-FE79-4CDF-827D-74D1BE650777}.Release|Any CPU.ActiveCfg = Release|Any CPU
		{4DD2DA6A-FE79-4CDF-827D-74D1BE650777}.Release|Any CPU.Build.0 = Release|Any CPU
		{4D3B2DF8-B634-49D7-A208-10982E531014}.Debug|Any CPU.ActiveCfg = Debug|Any CPU
		{4D3B2DF8-B634-49D7-A208-10982E531014}.Debug|Any CPU.Build.0 = Debug|Any CPU
		{4D3B2DF8-B634-49D7-A208-10982E531014}.Release|Any CPU.ActiveCfg = Release|Any CPU
		{4D3B2DF8-B634-49D7-A208-10982E531014}.Release|Any CPU.Build.0 = Release|Any CPU
		{DD517DB8-3C0A-4FC0-BA9E-A8C420D80E4D}.Debug|Any CPU.ActiveCfg = Debug|Any CPU
		{DD517DB8-3C0A-4FC0-BA9E-A8C420D80E4D}.Debug|Any CPU.Build.0 = Debug|Any CPU
		{DD517DB8-3C0A-4FC0-BA9E-A8C420D80E4D}.Release|Any CPU.ActiveCfg = Release|Any CPU
		{DD517DB8-3C0A-4FC0-BA9E-A8C420D80E4D}.Release|Any CPU.Build.0 = Release|Any CPU
	EndGlobalSection
	GlobalSection(SolutionProperties) = preSolution
		HideSolutionNode = FALSE
	EndGlobalSection
	GlobalSection(ExtensibilityGlobals) = postSolution
		SolutionGuid = {BF033C0E-5F8B-46E0-964E-862E6E89DDC1}
	EndGlobalSection
EndGlobal
